// !$*UTF8*$!
{
	archiveVersion = 1;
	classes = {
	};
	objectVersion = 46;
	objects = {

/* Begin PBXBuildFile section */
		52EB08C61C0D4F7D00C63680 /* camera_calibration.cpp in Sources */ = {isa = PBXBuildFile; fileRef = 52EB08C51C0D4F7D00C63680 /* camera_calibration.cpp */; };
		52EB08CD1C0D51F200C63680 /* VID5.xml in Copy Files */ = {isa = PBXBuildFile; fileRef = 52EB08C81C0D513000C63680 /* VID5.xml */; };
		52EB08D11C0D570B00C63680 /* default.xml in Copy Files */ = {isa = PBXBuildFile; fileRef = 52EB08D01C0D570300C63680 /* default.xml */; };
/* End PBXBuildFile section */

/* Begin PBXCopyFilesBuildPhase section */
		52EB08B91C0D4F1500C63680 /* CopyFiles */ = {
			isa = PBXCopyFilesBuildPhase;
			buildActionMask = 2147483647;
			dstPath = /usr/share/man/man1;
			dstSubfolderSpec = 0;
			files = (
			);
			runOnlyForDeploymentPostprocessing = 1;
		};
		52EB08CB1C0D51DC00C63680 /* Copy Files */ = {
			isa = PBXCopyFilesBuildPhase;
			buildActionMask = 2147483647;
			dstPath = "";
			dstSubfolderSpec = 16;
			files = (
				52EB08D11C0D570B00C63680 /* default.xml in Copy Files */,
				52EB08CD1C0D51F200C63680 /* VID5.xml in Copy Files */,
			);
			name = "Copy Files";
			runOnlyForDeploymentPostprocessing = 0;
		};
/* End PBXCopyFilesBuildPhase section */

/* Begin PBXFileReference section */
		52EB08BB1C0D4F1500C63680 /* cv-lab3 */ = {isa = PBXFileReference; explicitFileType = "compiled.mach-o.executable"; includeInIndex = 0; path = "cv-lab3"; sourceTree = BUILT_PRODUCTS_DIR; };
		52EB08C51C0D4F7D00C63680 /* camera_calibration.cpp */ = {isa = PBXFileReference; fileEncoding = 4; lastKnownFileType = sourcecode.cpp.cpp; path = camera_calibration.cpp; sourceTree = "<group>"; };
		52EB08C81C0D513000C63680 /* VID5.xml */ = {isa = PBXFileReference; fileEncoding = 4; lastKnownFileType = text.xml; path = VID5.xml; sourceTree = "<group>"; };
		52EB08CE1C0D565600C63680 /* tablero.jpg */ = {isa = PBXFileReference; lastKnownFileType = image.jpeg; name = tablero.jpg; path = "cv-lab3/tablero.jpg"; sourceTree = "<group>"; };
		52EB08D01C0D570300C63680 /* default.xml */ = {isa = PBXFileReference; fileEncoding = 4; lastKnownFileType = text.xml; path = default.xml; sourceTree = "<group>"; };
/* End PBXFileReference section */

/* Begin PBXFrameworksBuildPhase section */
		52EB08B81C0D4F1500C63680 /* Frameworks */ = {
			isa = PBXFrameworksBuildPhase;
			buildActionMask = 2147483647;
			files = (
			);
			runOnlyForDeploymentPostprocessing = 0;
		};
/* End PBXFrameworksBuildPhase section */

/* Begin PBXGroup section */
		52EB08B21C0D4F1500C63680 = {
			isa = PBXGroup;
			children = (
				52EB08CE1C0D565600C63680 /* tablero.jpg */,
				52EB08BD1C0D4F1500C63680 /* cv-lab3 */,
				52EB08BC1C0D4F1500C63680 /* Products */,
			);
			sourceTree = "<group>";
		};
		52EB08BC1C0D4F1500C63680 /* Products */ = {
			isa = PBXGroup;
			children = (
				52EB08BB1C0D4F1500C63680 /* cv-lab3 */,
			);
			name = Products;
			sourceTree = "<group>";
		};
		52EB08BD1C0D4F1500C63680 /* cv-lab3 */ = {
			isa = PBXGroup;
			children = (
				52EB08D01C0D570300C63680 /* default.xml */,
				52EB08C51C0D4F7D00C63680 /* camera_calibration.cpp */,
				52EB08C81C0D513000C63680 /* VID5.xml */,
			);
			path = "cv-lab3";
			sourceTree = "<group>";
		};
/* End PBXGroup section */

/* Begin PBXNativeTarget section */
		52EB08BA1C0D4F1500C63680 /* cv-lab3 */ = {
			isa = PBXNativeTarget;
			buildConfigurationList = 52EB08C21C0D4F1500C63680 /* Build configuration list for PBXNativeTarget "cv-lab3" */;
			buildPhases = (
				52EB08B71C0D4F1500C63680 /* Sources */,
				52EB08B81C0D4F1500C63680 /* Frameworks */,
				52EB08B91C0D4F1500C63680 /* CopyFiles */,
				52EB08CB1C0D51DC00C63680 /* Copy Files */,
			);
			buildRules = (
			);
			dependencies = (
			);
			name = "cv-lab3";
			productName = "cv-lab3";
			productReference = 52EB08BB1C0D4F1500C63680 /* cv-lab3 */;
			productType = "com.apple.product-type.tool";
		};
/* End PBXNativeTarget section */

/* Begin PBXProject section */
		52EB08B31C0D4F1500C63680 /* Project object */ = {
			isa = PBXProject;
			attributes = {
				LastUpgradeCheck = 0710;
				ORGANIZATIONNAME = "Johnny Torres";
				TargetAttributes = {
					52EB08BA1C0D4F1500C63680 = {
						CreatedOnToolsVersion = 7.1.1;
					};
				};
			};
			buildConfigurationList = 52EB08B61C0D4F1500C63680 /* Build configuration list for PBXProject "cv-lab3" */;
			compatibilityVersion = "Xcode 3.2";
			developmentRegion = English;
			hasScannedForEncodings = 0;
			knownRegions = (
				en,
			);
			mainGroup = 52EB08B21C0D4F1500C63680;
			productRefGroup = 52EB08BC1C0D4F1500C63680 /* Products */;
			projectDirPath = "";
			projectRoot = "";
			targets = (
				52EB08BA1C0D4F1500C63680 /* cv-lab3 */,
			);
		};
/* End PBXProject section */

/* Begin PBXSourcesBuildPhase section */
		52EB08B71C0D4F1500C63680 /* Sources */ = {
			isa = PBXSourcesBuildPhase;
			buildActionMask = 2147483647;
			files = (
				52EB08C61C0D4F7D00C63680 /* camera_calibration.cpp in Sources */,
			);
			runOnlyForDeploymentPostprocessing = 0;
		};
/* End PBXSourcesBuildPhase section */

/* Begin XCBuildConfiguration section */
		52EB08C01C0D4F1500C63680 /* Debug */ = {
			isa = XCBuildConfiguration;
			buildSettings = {
				ALWAYS_SEARCH_USER_PATHS = NO;
				CLANG_CXX_LANGUAGE_STANDARD = "gnu++0x";
				CLANG_CXX_LIBRARY = "libc++";
				CLANG_ENABLE_MODULES = YES;
				CLANG_ENABLE_OBJC_ARC = YES;
				CLANG_WARN_BOOL_CONVERSION = YES;
				CLANG_WARN_CONSTANT_CONVERSION = YES;
				CLANG_WARN_DIRECT_OBJC_ISA_USAGE = YES_ERROR;
				CLANG_WARN_EMPTY_BODY = YES;
				CLANG_WARN_ENUM_CONVERSION = YES;
				CLANG_WARN_INT_CONVERSION = YES;
				CLANG_WARN_OBJC_ROOT_CLASS = YES_ERROR;
				CLANG_WARN_UNREACHABLE_CODE = YES;
				CLANG_WARN__DUPLICATE_METHOD_MATCH = YES;
				CODE_SIGN_IDENTITY = "-";
				COPY_PHASE_STRIP = NO;
				DEBUG_INFORMATION_FORMAT = dwarf;
				ENABLE_STRICT_OBJC_MSGSEND = YES;
				ENABLE_TESTABILITY = YES;
				GCC_C_LANGUAGE_STANDARD = gnu99;
				GCC_DYNAMIC_NO_PIC = NO;
				GCC_NO_COMMON_BLOCKS = YES;
				GCC_OPTIMIZATION_LEVEL = 0;
				GCC_PREPROCESSOR_DEFINITIONS = (
					"DEBUG=1",
					"$(inherited)",
				);
				GCC_WARN_64_TO_32_BIT_CONVERSION = YES;
				GCC_WARN_ABOUT_RETURN_TYPE = YES_ERROR;
				GCC_WARN_UNDECLARED_SELECTOR = YES;
				GCC_WARN_UNINITIALIZED_AUTOS = YES_AGGRESSIVE;
				GCC_WARN_UNUSED_FUNCTION = YES;
				GCC_WARN_UNUSED_VARIABLE = YES;
				MACOSX_DEPLOYMENT_TARGET = 10.11;
				MTL_ENABLE_DEBUG_INFO = YES;
				ONLY_ACTIVE_ARCH = YES;
				SDKROOT = macosx;
			};
			name = Debug;
		};
		52EB08C11C0D4F1500C63680 /* Release */ = {
			isa = XCBuildConfiguration;
			buildSettings = {
				ALWAYS_SEARCH_USER_PATHS = NO;
				CLANG_CXX_LANGUAGE_STANDARD = "gnu++0x";
				CLANG_CXX_LIBRARY = "libc++";
				CLANG_ENABLE_MODULES = YES;
				CLANG_ENABLE_OBJC_ARC = YES;
				CLANG_WARN_BOOL_CONVERSION = YES;
				CLANG_WARN_CONSTANT_CONVERSION = YES;
				CLANG_WARN_DIRECT_OBJC_ISA_USAGE = YES_ERROR;
				CLANG_WARN_EMPTY_BODY = YES;
				CLANG_WARN_ENUM_CONVERSION = YES;
				CLANG_WARN_INT_CONVERSION = YES;
				CLANG_WARN_OBJC_ROOT_CLASS = YES_ERROR;
				CLANG_WARN_UNREACHABLE_CODE = YES;
				CLANG_WARN__DUPLICATE_METHOD_MATCH = YES;
				CODE_SIGN_IDENTITY = "-";
				COPY_PHASE_STRIP = NO;
				DEBUG_INFORMATION_FORMAT = "dwarf-with-dsym";
				ENABLE_NS_ASSERTIONS = NO;
				ENABLE_STRICT_OBJC_MSGSEND = YES;
				GCC_C_LANGUAGE_STANDARD = gnu99;
				GCC_NO_COMMON_BLOCKS = YES;
				GCC_WARN_64_TO_32_BIT_CONVERSION = YES;
				GCC_WARN_ABOUT_RETURN_TYPE = YES_ERROR;
				GCC_WARN_UNDECLARED_SELECTOR = YES;
				GCC_WARN_UNINITIALIZED_AUTOS = YES_AGGRESSIVE;
				GCC_WARN_UNUSED_FUNCTION = YES;
				GCC_WARN_UNUSED_VARIABLE = YES;
				MACOSX_DEPLOYMENT_TARGET = 10.11;
				MTL_ENABLE_DEBUG_INFO = NO;
				SDKROOT = macosx;
			};
			name = Release;
		};
		52EB08C31C0D4F1500C63680 /* Debug */ = {
			isa = XCBuildConfiguration;
			buildSettings = {
				HEADER_SEARCH_PATHS = /usr/local/include;
				LIBRARY_SEARCH_PATHS = /usr/local/lib;
				OTHER_LDFLAGS = (
					"-lopencv_calib3d",
					"-lopencv_core",
					"-lopencv_features2d",
					"-lopencv_flann",
					"-lopencv_highgui",
					"-lopencv_imgcodecs",
					"-lopencv_imgproc",
					"-lopencv_ml",
					"-lopencv_objdetect",
					"-lopencv_photo",
					"-lopencv_shape",
					"-lopencv_stitching",
					"-lopencv_superres",
					"-lopencv_ts",
					"-lopencv_video",
					"-lopencv_videoio",
					"-lopencv_videostab",
				);
				PRODUCT_NAME = "$(TARGET_NAME)";
			};
			name = Debug;
		};
		52EB08C41C0D4F1500C63680 /* Release */ = {
			isa = XCBuildConfiguration;
			buildSettings = {
				HEADER_SEARCH_PATHS = /usr/local/include;
				LIBRARY_SEARCH_PATHS = /usr/local/lib;
				OTHER_LDFLAGS = (
					"-lopencv_calib3d",
					"-lopencv_core",
					"-lopencv_features2d",
					"-lopencv_flann",
					"-lopencv_highgui",
					"-lopencv_imgcodecs",
					"-lopencv_imgproc",
					"-lopencv_ml",
					"-lopencv_objdetect",
					"-lopencv_photo",
					"-lopencv_shape",
					"-lopencv_stitching",
					"-lopencv_superres",
					"-lopencv_ts",
					"-lopencv_video",
					"-lopencv_videoio",
					"-lopencv_videostab",
				);
				PRODUCT_NAME = "$(TARGET_NAME)";
			};
			name = Release;
		};
/* End XCBuildConfiguration section */

/* Begin XCConfigurationList section */
		52EB08B61C0D4F1500C63680 /* Build configuration list for PBXProject "cv-lab3" */ = {
			isa = XCConfigurationList;
			buildConfigurations = (
				52EB08C01C0D4F1500C63680 /* Debug */,
				52EB08C11C0D4F1500C63680 /* Release */,
			);
			defaultConfigurationIsVisible = 0;
			defaultConfigurationName = Release;
		};
		52EB08C21C0D4F1500C63680 /* Build configuration list for PBXNativeTarget "cv-lab3" */ = {
			isa = XCConfigurationList;
			buildConfigurations = (
				52EB08C31C0D4F1500C63680 /* Debug */,
				52EB08C41C0D4F1500C63680 /* Release */,
			);
			defaultConfigurationIsVisible = 0;
			defaultConfigurationName = Release;
		};
/* End XCConfigurationList section */
	};
	rootObject = 52EB08B31C0D4F1500C63680 /* Project object */;
}
